
Microsoft Visual Studio Solution File, Format Version 12.00
# Visual Studio Version 16
VisualStudioVersion = 16.0.32106.194
MinimumVisualStudioVersion = 10.0.40219.1
Project("{9A19103F-16F7-4668-BE54-9A1E7A4F7556}") = "Scheduler", "Scheduler\Scheduler.csproj", "{ABDA77F4-FC34-4D02-B3E7-8AC289D5D3BD}"
EndProject
Project("{FAE04EC0-301F-11D3-BF4B-00C04F79EFBC}") = "TestSchedule", "TestSchedule\TestSchedule.csproj", "{DC0AC6F4-996D-4131-97F1-5AF39A566609}"
EndProject
Global
	GlobalSection(SolutionConfigurationPlatforms) = preSolution
		Debug|Any CPU = Debug|Any CPU
		Release|Any CPU = Release|Any CPU
	EndGlobalSection
	GlobalSection(ProjectConfigurationPlatforms) = postSolution
		{ABDA77F4-FC34-4D02-B3E7-8AC289D5D3BD}.Debug|Any CPU.ActiveCfg = Debug|Any CPU
		{ABDA77F4-FC34-4D02-B3E7-8AC289D5D3BD}.Debug|Any CPU.Build.0 = Debug|Any CPU
		{ABDA77F4-FC34-4D02-B3E7-8AC289D5D3BD}.Release|Any CPU.ActiveCfg = Release|Any CPU
		{ABDA77F4-FC34-4D02-B3E7-8AC289D5D3BD}.Release|Any CPU.Build.0 = Release|Any CPU
		{DC0AC6F4-996D-4131-97F1-5AF39A566609}.Debug|Any CPU.ActiveCfg = Debug|Any CPU
		{DC0AC6F4-996D-4131-97F1-5AF39A566609}.Debug|Any CPU.Build.0 = Debug|Any CPU
		{DC0AC6F4-996D-4131-97F1-5AF39A566609}.Release|Any CPU.ActiveCfg = Release|Any CPU
		{DC0AC6F4-996D-4131-97F1-5AF39A566609}.Release|Any CPU.Build.0 = Release|Any CPU
	EndGlobalSection
	GlobalSection(SolutionProperties) = preSolution
		HideSolutionNode = FALSE
	EndGlobalSection
	GlobalSection(ExtensibilityGlobals) = postSolution
		SolutionGuid = {354639EE-D07C-4494-84C4-333866343D49}
	EndGlobalSection
EndGlobal
